
Microsoft Visual Studio Solution File, Format Version 12.00
# Visual Studio Version 17
VisualStudioVersion = 17.3.32825.248
MinimumVisualStudioVersion = 10.0.40219.1
Project("{FAE04EC0-301F-11D3-BF4B-00C04F79EFBC}") = "petstore.NET", "petstore.NET.csproj", "{CCB3736A-1D8F-43BD-8976-F23BD85D6A2C}"
EndProject
Global
	GlobalSection(SolutionConfigurationPlatforms) = preSolution
		Debug|Any CPU = Debug|Any CPU
		Release|Any CPU = Release|Any CPU
	EndGlobalSection
	GlobalSection(ProjectConfigurationPlatforms) = postSolution
		{CCB3736A-1D8F-43BD-8976-F23BD85D6A2C}.Debug|Any CPU.ActiveCfg = Debug|Any CPU
		{CCB3736A-1D8F-43BD-8976-F23BD85D6A2C}.Debug|Any CPU.Build.0 = Debug|Any CPU
		{CCB3736A-1D8F-43BD-8976-F23BD85D6A2C}.Release|Any CPU.ActiveCfg = Release|Any CPU
		{CCB3736A-1D8F-43BD-8976-F23BD85D6A2C}.Release|Any CPU.Build.0 = Release|Any CPU
	EndGlobalSection
	GlobalSection(SolutionProperties) = preSolution
		HideSolutionNode = FALSE
	EndGlobalSection
	GlobalSection(ExtensibilityGlobals) = postSolution
		SolutionGuid = {08CA526C-9797-4823-997C-40311385D253}
	EndGlobalSection
EndGlobal
